
Microsoft Visual Studio Solution File, Format Version 12.00
# Visual Studio 15
VisualStudioVersion = 15.0.28307.329
MinimumVisualStudioVersion = 10.0.40219.1
Project("{FAE04EC0-301F-11D3-BF4B-00C04F79EFBC}") = "TF.IO", "TF.IO\TF.IO.csproj", "{4F0D7226-FA20-4FE3-A523-336702654E02}"
EndProject
Project("{FAE04EC0-301F-11D3-BF4B-00C04F79EFBC}") = "TF.GUI", "TF.GUI\TF.GUI.csproj", "{C72CE807-AFE4-4928-8703-35147CDB9DA5}"
EndProject
Project("{FAE04EC0-301F-11D3-BF4B-00C04F79EFBC}") = "TF.Core", "TF.Core\TF.Core.csproj", "{14BB172A-B3D4-4237-82AB-8FEF4E9AB8CD}"
EndProject
Project("{2150E333-8FDC-42A3-9474-1A3956D46DE8}") = "Plugins", "Plugins", "{B4EF83D1-7D6F-449E-8FC3-46AE381039D1}"
EndProject
Project("{FAE04EC0-301F-11D3-BF4B-00C04F79EFBC}") = "TFGame.Yakuza0", "Plugins\TFGame.Yakuza0\TFGame.Yakuza0.csproj", "{BFE27A60-5A4A-4AAD-818F-F973D991AA9C}"
EndProject
Project("{FAE04EC0-301F-11D3-BF4B-00C04F79EFBC}") = "YakuzaGame", "Plugins\YakuzaGame\YakuzaGame.csproj", "{24524A72-CBF8-439A-AB89-F809A92D6F0E}"
EndProject
Project("{FAE04EC0-301F-11D3-BF4B-00C04F79EFBC}") = "TFGame.YakuzaKiwami", "Plugins\TFGame.YakuzaKiwami\TFGame.YakuzaKiwami.csproj", "{FDD32C6D-0544-47BE-AF04-A2E0A3D68A2C}"
EndProject
Project("{2150E333-8FDC-42A3-9474-1A3956D46DE8}") = "ExternalTools", "ExternalTools", "{7E18623E-5F2C-435F-AB6C-297273CE7CB0}"
EndProject
Project("{FAE04EC0-301F-11D3-BF4B-00C04F79EFBC}") = "YakuzaFontCreator", "ExternalTools\YakuzaFontCreator\YakuzaFontCreator.csproj", "{A1748892-6BF9-4E84-A9C4-DB6D5646D3CA}"
EndProject
Project("{FAE04EC0-301F-11D3-BF4B-00C04F79EFBC}") = "DDSViewer", "ExternalTools\DDSViewer\DDSViewer.csproj", "{1241DAC7-DEE6-4F24-8A9A-190EA2086C06}"
EndProject
Project("{FAE04EC0-301F-11D3-BF4B-00C04F79EFBC}") = "TFGame.TrailsSky", "Plugins\TFGame.TrailsSky\TFGame.TrailsSky.csproj", "{6CA88990-3B99-4645-B090-5F12791C7A1B}"
EndProject
Project("{FAE04EC0-301F-11D3-BF4B-00C04F79EFBC}") = "TrailsInTheSkyFontHelper", "ExternalTools\TrailsInTheSkyFontHelper\TrailsInTheSkyFontHelper.csproj", "{79051758-6017-4BE7-BDEE-1EA2F71373E6}"
EndProject
Project("{FAE04EC0-301F-11D3-BF4B-00C04F79EFBC}") = "TFGame.ShiningResonance", "Plugins\TFGame.ShiningResonance\TFGame.ShiningResonance.csproj", "{E9436458-9CC1-450F-A9DC-38D603F63CD8}"
EndProject
Project("{FAE04EC0-301F-11D3-BF4B-00C04F79EFBC}") = "CRIWareGame", "Plugins\CRIWareGame\CRIWareGame.csproj", "{32C4037E-106A-4D88-BA50-952BF60B835E}"
EndProject
Project("{2150E333-8FDC-42A3-9474-1A3956D46DE8}") = "ExternalLibs", "ExternalLibs", "{53972F1C-3B9C-40EA-97EA-58D898B5A027}"
EndProject
Project("{FAE04EC0-301F-11D3-BF4B-00C04F79EFBC}") = "DataGridViewNumericUpDownElements", "ExternalLibs\DataGridViewNumericUpDownElements\DataGridViewNumericUpDownElements.csproj", "{82B50731-BE90-433F-BB6E-9B509C5F3B7C}"
EndProject
Project("{FAE04EC0-301F-11D3-BF4B-00C04F79EFBC}") = "TrailsInTheSkyFontCreator", "ExternalTools\TrailsInTheSkyFontCreator\TrailsInTheSkyFontCreator.csproj", "{9FD8CE61-7F9B-401C-9284-E3D5379B4AED}"
EndProject
Project("{FAE04EC0-301F-11D3-BF4B-00C04F79EFBC}") = "TFGame.TrailsColdSteel", "Plugins\TFGame.TrailsColdSteel\TFGame.TrailsColdSteel.csproj", "{3E8301F7-0417-4707-8DB9-EE856CEA5761}"
EndProject
Global
	GlobalSection(SolutionConfigurationPlatforms) = preSolution
		Debug|Any CPU = Debug|Any CPU
		Release|Any CPU = Release|Any CPU
	EndGlobalSection
	GlobalSection(ProjectConfigurationPlatforms) = postSolution
		{4F0D7226-FA20-4FE3-A523-336702654E02}.Debug|Any CPU.ActiveCfg = Debug|Any CPU
		{4F0D7226-FA20-4FE3-A523-336702654E02}.Debug|Any CPU.Build.0 = Debug|Any CPU
		{4F0D7226-FA20-4FE3-A523-336702654E02}.Release|Any CPU.ActiveCfg = Release|Any CPU
		{4F0D7226-FA20-4FE3-A523-336702654E02}.Release|Any CPU.Build.0 = Release|Any CPU
		{C72CE807-AFE4-4928-8703-35147CDB9DA5}.Debug|Any CPU.ActiveCfg = Debug|Any CPU
		{C72CE807-AFE4-4928-8703-35147CDB9DA5}.Debug|Any CPU.Build.0 = Debug|Any CPU
		{C72CE807-AFE4-4928-8703-35147CDB9DA5}.Release|Any CPU.ActiveCfg = Release|Any CPU
		{C72CE807-AFE4-4928-8703-35147CDB9DA5}.Release|Any CPU.Build.0 = Release|Any CPU
		{14BB172A-B3D4-4237-82AB-8FEF4E9AB8CD}.Debug|Any CPU.ActiveCfg = Debug|Any CPU
		{14BB172A-B3D4-4237-82AB-8FEF4E9AB8CD}.Debug|Any CPU.Build.0 = Debug|Any CPU
		{14BB172A-B3D4-4237-82AB-8FEF4E9AB8CD}.Release|Any CPU.ActiveCfg = Release|Any CPU
		{14BB172A-B3D4-4237-82AB-8FEF4E9AB8CD}.Release|Any CPU.Build.0 = Release|Any CPU
		{BFE27A60-5A4A-4AAD-818F-F973D991AA9C}.Debug|Any CPU.ActiveCfg = Debug|Any CPU
		{BFE27A60-5A4A-4AAD-818F-F973D991AA9C}.Debug|Any CPU.Build.0 = Debug|Any CPU
		{BFE27A60-5A4A-4AAD-818F-F973D991AA9C}.Release|Any CPU.ActiveCfg = Release|Any CPU
		{BFE27A60-5A4A-4AAD-818F-F973D991AA9C}.Release|Any CPU.Build.0 = Release|Any CPU
		{24524A72-CBF8-439A-AB89-F809A92D6F0E}.Debug|Any CPU.ActiveCfg = Debug|Any CPU
		{24524A72-CBF8-439A-AB89-F809A92D6F0E}.Debug|Any CPU.Build.0 = Debug|Any CPU
		{24524A72-CBF8-439A-AB89-F809A92D6F0E}.Release|Any CPU.ActiveCfg = Release|Any CPU
		{24524A72-CBF8-439A-AB89-F809A92D6F0E}.Release|Any CPU.Build.0 = Release|Any CPU
		{FDD32C6D-0544-47BE-AF04-A2E0A3D68A2C}.Debug|Any CPU.ActiveCfg = Debug|Any CPU
		{FDD32C6D-0544-47BE-AF04-A2E0A3D68A2C}.Debug|Any CPU.Build.0 = Debug|Any CPU
		{FDD32C6D-0544-47BE-AF04-A2E0A3D68A2C}.Release|Any CPU.ActiveCfg = Release|Any CPU
		{FDD32C6D-0544-47BE-AF04-A2E0A3D68A2C}.Release|Any CPU.Build.0 = Release|Any CPU
		{A1748892-6BF9-4E84-A9C4-DB6D5646D3CA}.Debug|Any CPU.ActiveCfg = Debug|Any CPU
		{A1748892-6BF9-4E84-A9C4-DB6D5646D3CA}.Debug|Any CPU.Build.0 = Debug|Any CPU
		{A1748892-6BF9-4E84-A9C4-DB6D5646D3CA}.Release|Any CPU.ActiveCfg = Release|Any CPU
		{A1748892-6BF9-4E84-A9C4-DB6D5646D3CA}.Release|Any CPU.Build.0 = Release|Any CPU
		{1241DAC7-DEE6-4F24-8A9A-190EA2086C06}.Debug|Any CPU.ActiveCfg = Debug|Any CPU
		{1241DAC7-DEE6-4F24-8A9A-190EA2086C06}.Debug|Any CPU.Build.0 = Debug|Any CPU
		{1241DAC7-DEE6-4F24-8A9A-190EA2086C06}.Release|Any CPU.ActiveCfg = Release|Any CPU
		{1241DAC7-DEE6-4F24-8A9A-190EA2086C06}.Release|Any CPU.Build.0 = Release|Any CPU
		{6CA88990-3B99-4645-B090-5F12791C7A1B}.Debug|Any CPU.ActiveCfg = Debug|Any CPU
		{6CA88990-3B99-4645-B090-5F12791C7A1B}.Debug|Any CPU.Build.0 = Debug|Any CPU
		{6CA88990-3B99-4645-B090-5F12791C7A1B}.Release|Any CPU.ActiveCfg = Release|Any CPU
		{6CA88990-3B99-4645-B090-5F12791C7A1B}.Release|Any CPU.Build.0 = Release|Any CPU
		{79051758-6017-4BE7-BDEE-1EA2F71373E6}.Debug|Any CPU.ActiveCfg = Debug|Any CPU
		{79051758-6017-4BE7-BDEE-1EA2F71373E6}.Debug|Any CPU.Build.0 = Debug|Any CPU
		{79051758-6017-4BE7-BDEE-1EA2F71373E6}.Release|Any CPU.ActiveCfg = Release|Any CPU
		{79051758-6017-4BE7-BDEE-1EA2F71373E6}.Release|Any CPU.Build.0 = Release|Any CPU
		{E9436458-9CC1-450F-A9DC-38D603F63CD8}.Debug|Any CPU.ActiveCfg = Debug|Any CPU
		{E9436458-9CC1-450F-A9DC-38D603F63CD8}.Debug|Any CPU.Build.0 = Debug|Any CPU
		{E9436458-9CC1-450F-A9DC-38D603F63CD8}.Release|Any CPU.ActiveCfg = Release|Any CPU
		{E9436458-9CC1-450F-A9DC-38D603F63CD8}.Release|Any CPU.Build.0 = Release|Any CPU
		{32C4037E-106A-4D88-BA50-952BF60B835E}.Debug|Any CPU.ActiveCfg = Debug|Any CPU
		{32C4037E-106A-4D88-BA50-952BF60B835E}.Debug|Any CPU.Build.0 = Debug|Any CPU
		{32C4037E-106A-4D88-BA50-952BF60B835E}.Release|Any CPU.ActiveCfg = Release|Any CPU
		{32C4037E-106A-4D88-BA50-952BF60B835E}.Release|Any CPU.Build.0 = Release|Any CPU
		{82B50731-BE90-433F-BB6E-9B509C5F3B7C}.Debug|Any CPU.ActiveCfg = Debug|Any CPU
		{82B50731-BE90-433F-BB6E-9B509C5F3B7C}.Debug|Any CPU.Build.0 = Debug|Any CPU
		{82B50731-BE90-433F-BB6E-9B509C5F3B7C}.Release|Any CPU.ActiveCfg = Release|Any CPU
		{82B50731-BE90-433F-BB6E-9B509C5F3B7C}.Release|Any CPU.Build.0 = Release|Any CPU
		{9FD8CE61-7F9B-401C-9284-E3D5379B4AED}.Debug|Any CPU.ActiveCfg = Debug|Any CPU
		{9FD8CE61-7F9B-401C-9284-E3D5379B4AED}.Debug|Any CPU.Build.0 = Debug|Any CPU
		{9FD8CE61-7F9B-401C-9284-E3D5379B4AED}.Release|Any CPU.ActiveCfg = Release|Any CPU
		{9FD8CE61-7F9B-401C-9284-E3D5379B4AED}.Release|Any CPU.Build.0 = Release|Any CPU
		{3E8301F7-0417-4707-8DB9-EE856CEA5761}.Debug|Any CPU.ActiveCfg = Debug|Any CPU
		{3E8301F7-0417-4707-8DB9-EE856CEA5761}.Debug|Any CPU.Build.0 = Debug|Any CPU
		{3E8301F7-0417-4707-8DB9-EE856CEA5761}.Release|Any CPU.ActiveCfg = Release|Any CPU
		{3E8301F7-0417-4707-8DB9-EE856CEA5761}.Release|Any CPU.Build.0 = Release|Any CPU
	EndGlobalSection
	GlobalSection(SolutionProperties) = preSolution
		HideSolutionNode = FALSE
	EndGlobalSection
	GlobalSection(NestedProjects) = preSolution
		{BFE27A60-5A4A-4AAD-818F-F973D991AA9C} = {B4EF83D1-7D6F-449E-8FC3-46AE381039D1}
		{24524A72-CBF8-439A-AB89-F809A92D6F0E} = {B4EF83D1-7D6F-449E-8FC3-46AE381039D1}
		{FDD32C6D-0544-47BE-AF04-A2E0A3D68A2C} = {B4EF83D1-7D6F-449E-8FC3-46AE381039D1}
		{A1748892-6BF9-4E84-A9C4-DB6D5646D3CA} = {7E18623E-5F2C-435F-AB6C-297273CE7CB0}
		{1241DAC7-DEE6-4F24-8A9A-190EA2086C06} = {7E18623E-5F2C-435F-AB6C-297273CE7CB0}
		{6CA88990-3B99-4645-B090-5F12791C7A1B} = {B4EF83D1-7D6F-449E-8FC3-46AE381039D1}
		{79051758-6017-4BE7-BDEE-1EA2F71373E6} = {7E18623E-5F2C-435F-AB6C-297273CE7CB0}
		{E9436458-9CC1-450F-A9DC-38D603F63CD8} = {B4EF83D1-7D6F-449E-8FC3-46AE381039D1}
		{32C4037E-106A-4D88-BA50-952BF60B835E} = {B4EF83D1-7D6F-449E-8FC3-46AE381039D1}
		{82B50731-BE90-433F-BB6E-9B509C5F3B7C} = {53972F1C-3B9C-40EA-97EA-58D898B5A027}
		{9FD8CE61-7F9B-401C-9284-E3D5379B4AED} = {7E18623E-5F2C-435F-AB6C-297273CE7CB0}
		{3E8301F7-0417-4707-8DB9-EE856CEA5761} = {B4EF83D1-7D6F-449E-8FC3-46AE381039D1}
	EndGlobalSection
	GlobalSection(ExtensibilityGlobals) = postSolution
		SolutionGuid = {C7517169-6658-41AC-B87B-9257549EFB51}
	EndGlobalSection
EndGlobal
